
Microsoft Visual Studio Solution File, Format Version 12.00
# Visual Studio 15
VisualStudioVersion = 15.0.27130.2026
MinimumVisualStudioVersion = 10.0.40219.1
Project("{E24C65DC-7377-472B-9ABA-BC803B73C61A}") = "UdemyStartUp", "UdemyStartUp\", "{70504E09-950F-4321-A012-994302CECA72}"
	ProjectSection(WebsiteProperties) = preProject
		TargetFrameworkMoniker = ".NETFramework,Version%3Dv4.6.1"
		Debug.AspNetCompiler.VirtualPath = "/localhost_54659"
		Debug.AspNetCompiler.PhysicalPath = "UdemyStartUp\"
		Debug.AspNetCompiler.TargetPath = "PrecompiledWeb\localhost_54659\"
		Debug.AspNetCompiler.Updateable = "true"
		Debug.AspNetCompiler.ForceOverwrite = "true"
		Debug.AspNetCompiler.FixedNames = "false"
		Debug.AspNetCompiler.Debug = "True"
		Release.AspNetCompiler.VirtualPath = "/localhost_54659"
		Release.AspNetCompiler.PhysicalPath = "UdemyStartUp\"
		Release.AspNetCompiler.TargetPath = "PrecompiledWeb\localhost_54659\"
		Release.AspNetCompiler.Updateable = "true"
		Release.AspNetCompiler.ForceOverwrite = "true"
		Release.AspNetCompiler.FixedNames = "false"
		Release.AspNetCompiler.Debug = "False"
		VWDPort = "54659"
		SlnRelativePath = "UdemyStartUp\"
		DefaultWebSiteLanguage = "Visual C#"
	EndProjectSection
EndProject
Global
	GlobalSection(SolutionConfigurationPlatforms) = preSolution
		Debug|Any CPU = Debug|Any CPU
	EndGlobalSection
	GlobalSection(ProjectConfigurationPlatforms) = postSolution
		{70504E09-950F-4321-A012-994302CECA72}.Debug|Any CPU.ActiveCfg = Debug|Any CPU
		{70504E09-950F-4321-A012-994302CECA72}.Debug|Any CPU.Build.0 = Debug|Any CPU
	EndGlobalSection
	GlobalSection(SolutionProperties) = preSolution
		HideSolutionNode = FALSE
	EndGlobalSection
	GlobalSection(ExtensibilityGlobals) = postSolution
		SolutionGuid = {6965CE4A-C1D5-437A-86FE-DCA2A26C3C37}
	EndGlobalSection
EndGlobal
